
Microsoft Visual Studio Solution File, Format Version 12.00
# Visual Studio 15
VisualStudioVersion = 15.0.28307.168
MinimumVisualStudioVersion = 10.0.40219.1
Project("{9A19103F-16F7-4668-BE54-9A1E7A4F7556}") = "DomainLayer", "DomainLayer\DomainLayer.csproj", "{EE2E56BB-0C35-4324-9A31-7C499F4568AB}"
EndProject
Project("{FAE04EC0-301F-11D3-BF4B-00C04F79EFBC}") = "WebAppMetronic", "WebAppMetronic\WebAppMetronic.csproj", "{F3BAE975-4964-492B-8351-A5254801EEEA}"
EndProject
Project("{FAE04EC0-301F-11D3-BF4B-00C04F79EFBC}") = "DataLayer", "DataLayer\DataLayer.csproj", "{0D417861-CD2E-46A7-8956-D92549BEC97E}"
EndProject
Project("{FAE04EC0-301F-11D3-BF4B-00C04F79EFBC}") = "ConsoleTest", "ConsoleTest\ConsoleTest.csproj", "{3C65E163-74DE-4160-B1C8-72567AC6453E}"
EndProject
Project("{FAE04EC0-301F-11D3-BF4B-00C04F79EFBC}") = "WebShop", "WebShop\WebShop.csproj", "{A1A1F081-A2BD-4A35-8DAD-6BA2C97F1D3D}"
EndProject
Project("{FAE04EC0-301F-11D3-BF4B-00C04F79EFBC}") = "Images", "Images\Images.csproj", "{0C37CD31-82F0-4DA0-9D14-A1753BC3B664}"
EndProject
Global
	GlobalSection(SolutionConfigurationPlatforms) = preSolution
		Debug|Any CPU = Debug|Any CPU
		Release|Any CPU = Release|Any CPU
	EndGlobalSection
	GlobalSection(ProjectConfigurationPlatforms) = postSolution
		{EE2E56BB-0C35-4324-9A31-7C499F4568AB}.Debug|Any CPU.ActiveCfg = Debug|Any CPU
		{EE2E56BB-0C35-4324-9A31-7C499F4568AB}.Debug|Any CPU.Build.0 = Debug|Any CPU
		{EE2E56BB-0C35-4324-9A31-7C499F4568AB}.Release|Any CPU.ActiveCfg = Release|Any CPU
		{EE2E56BB-0C35-4324-9A31-7C499F4568AB}.Release|Any CPU.Build.0 = Release|Any CPU
		{F3BAE975-4964-492B-8351-A5254801EEEA}.Debug|Any CPU.ActiveCfg = Debug|Any CPU
		{F3BAE975-4964-492B-8351-A5254801EEEA}.Debug|Any CPU.Build.0 = Debug|Any CPU
		{F3BAE975-4964-492B-8351-A5254801EEEA}.Release|Any CPU.ActiveCfg = Release|Any CPU
		{F3BAE975-4964-492B-8351-A5254801EEEA}.Release|Any CPU.Build.0 = Release|Any CPU
		{0D417861-CD2E-46A7-8956-D92549BEC97E}.Debug|Any CPU.ActiveCfg = Debug|Any CPU
		{0D417861-CD2E-46A7-8956-D92549BEC97E}.Debug|Any CPU.Build.0 = Debug|Any CPU
		{0D417861-CD2E-46A7-8956-D92549BEC97E}.Release|Any CPU.ActiveCfg = Release|Any CPU
		{0D417861-CD2E-46A7-8956-D92549BEC97E}.Release|Any CPU.Build.0 = Release|Any CPU
		{3C65E163-74DE-4160-B1C8-72567AC6453E}.Debug|Any CPU.ActiveCfg = Debug|Any CPU
		{3C65E163-74DE-4160-B1C8-72567AC6453E}.Debug|Any CPU.Build.0 = Debug|Any CPU
		{3C65E163-74DE-4160-B1C8-72567AC6453E}.Release|Any CPU.ActiveCfg = Release|Any CPU
		{3C65E163-74DE-4160-B1C8-72567AC6453E}.Release|Any CPU.Build.0 = Release|Any CPU
		{A1A1F081-A2BD-4A35-8DAD-6BA2C97F1D3D}.Debug|Any CPU.ActiveCfg = Debug|Any CPU
		{A1A1F081-A2BD-4A35-8DAD-6BA2C97F1D3D}.Debug|Any CPU.Build.0 = Debug|Any CPU
		{A1A1F081-A2BD-4A35-8DAD-6BA2C97F1D3D}.Release|Any CPU.ActiveCfg = Release|Any CPU
		{A1A1F081-A2BD-4A35-8DAD-6BA2C97F1D3D}.Release|Any CPU.Build.0 = Release|Any CPU
		{0C37CD31-82F0-4DA0-9D14-A1753BC3B664}.Debug|Any CPU.ActiveCfg = Debug|Any CPU
		{0C37CD31-82F0-4DA0-9D14-A1753BC3B664}.Debug|Any CPU.Build.0 = Debug|Any CPU
		{0C37CD31-82F0-4DA0-9D14-A1753BC3B664}.Release|Any CPU.ActiveCfg = Release|Any CPU
		{0C37CD31-82F0-4DA0-9D14-A1753BC3B664}.Release|Any CPU.Build.0 = Release|Any CPU
	EndGlobalSection
	GlobalSection(SolutionProperties) = preSolution
		HideSolutionNode = FALSE
	EndGlobalSection
	GlobalSection(ExtensibilityGlobals) = postSolution
		SolutionGuid = {13B60FDF-D0EC-49BF-BD12-ABD2DED4BA9E}
	EndGlobalSection
EndGlobal
